// !$*UTF8*$!
{
	archiveVersion = 1;
	classes = {
	};
	objectVersion = 50;
	objects = {

/* Begin PBXBuildFile section */
		3AA87AA9229E395400F0D993 /* AppDelegate.swift in Sources */ = {isa = PBXBuildFile; fileRef = 3AA87AA8229E395400F0D993 /* AppDelegate.swift */; };
		3AA87AAB229E395400F0D993 /* ViewController.swift in Sources */ = {isa = PBXBuildFile; fileRef = 3AA87AAA229E395400F0D993 /* ViewController.swift */; };
		3AA87AAE229E395400F0D993 /* Main.storyboard in Resources */ = {isa = PBXBuildFile; fileRef = 3AA87AAC229E395400F0D993 /* Main.storyboard */; };
		3AA87AB0229E395700F0D993 /* Assets.xcassets in Resources */ = {isa = PBXBuildFile; fileRef = 3AA87AAF229E395700F0D993 /* Assets.xcassets */; };
		3AA87AB3229E395700F0D993 /* LaunchScreen.storyboard in Resources */ = {isa = PBXBuildFile; fileRef = 3AA87AB1229E395700F0D993 /* LaunchScreen.storyboard */; };
		3AA87ABB229E3BBE00F0D993 /* Expression.swift in Sources */ = {isa = PBXBuildFile; fileRef = 3AA87ABA229E3BBE00F0D993 /* Expression.swift */; };
		3AA87ABE229E3C1200F0D993 /* Number.swift in Sources */ = {isa = PBXBuildFile; fileRef = 3AA87ABD229E3C1200F0D993 /* Number.swift */; };
		3AA87AC0229E3D2300F0D993 /* Addition.swift in Sources */ = {isa = PBXBuildFile; fileRef = 3AA87ABF229E3D2300F0D993 /* Addition.swift */; };
		3AA87AC2229E42D500F0D993 /* Division.swift in Sources */ = {isa = PBXBuildFile; fileRef = 3AA87AC1229E42D500F0D993 /* Division.swift */; };
		3AA87AC4229E437A00F0D993 /* Extensions.swift in Sources */ = {isa = PBXBuildFile; fileRef = 3AA87AC3229E437A00F0D993 /* Extensions.swift */; };
		3AA87AC6229E497800F0D993 /* Operation.swift in Sources */ = {isa = PBXBuildFile; fileRef = 3AA87AC5229E497800F0D993 /* Operation.swift */; };
		3AA87AC8229E532D00F0D993 /* Calculator.swift in Sources */ = {isa = PBXBuildFile; fileRef = 3AA87AC7229E532D00F0D993 /* Calculator.swift */; };
		3AA87ACA229E56BC00F0D993 /* State.swift in Sources */ = {isa = PBXBuildFile; fileRef = 3AA87AC9229E56BC00F0D993 /* State.swift */; };
		3AA87ACC229E59A700F0D993 /* OperationSymbol.swift in Sources */ = {isa = PBXBuildFile; fileRef = 3AA87ACB229E59A700F0D993 /* OperationSymbol.swift */; };
		3AA87ACE229E5E1D00F0D993 /* Multiplication.swift in Sources */ = {isa = PBXBuildFile; fileRef = 3AA87ACD229E5E1D00F0D993 /* Multiplication.swift */; };
		3AA87AD0229E5E3000F0D993 /* Subtraction.swift in Sources */ = {isa = PBXBuildFile; fileRef = 3AA87ACF229E5E3000F0D993 /* Subtraction.swift */; };
/* End PBXBuildFile section */

/* Begin PBXFileReference section */
		3AA87AA5229E395400F0D993 /* Calculadora.app */ = {isa = PBXFileReference; explicitFileType = wrapper.application; includeInIndex = 0; path = Calculadora.app; sourceTree = BUILT_PRODUCTS_DIR; };
		3AA87AA8229E395400F0D993 /* AppDelegate.swift */ = {isa = PBXFileReference; lastKnownFileType = sourcecode.swift; path = AppDelegate.swift; sourceTree = "<group>"; };
		3AA87AAA229E395400F0D993 /* ViewController.swift */ = {isa = PBXFileReference; lastKnownFileType = sourcecode.swift; path = ViewController.swift; sourceTree = "<group>"; };
		3AA87AAD229E395400F0D993 /* Base */ = {isa = PBXFileReference; lastKnownFileType = file.storyboard; name = Base; path = Base.lproj/Main.storyboard; sourceTree = "<group>"; };
		3AA87AAF229E395700F0D993 /* Assets.xcassets */ = {isa = PBXFileReference; lastKnownFileType = folder.assetcatalog; path = Assets.xcassets; sourceTree = "<group>"; };
		3AA87AB2229E395700F0D993 /* Base */ = {isa = PBXFileReference; lastKnownFileType = file.storyboard; name = Base; path = Base.lproj/LaunchScreen.storyboard; sourceTree = "<group>"; };
		3AA87AB4229E395700F0D993 /* Info.plist */ = {isa = PBXFileReference; lastKnownFileType = text.plist.xml; path = Info.plist; sourceTree = "<group>"; };
		3AA87ABA229E3BBE00F0D993 /* Expression.swift */ = {isa = PBXFileReference; lastKnownFileType = sourcecode.swift; path = Expression.swift; sourceTree = "<group>"; };
		3AA87ABD229E3C1200F0D993 /* Number.swift */ = {isa = PBXFileReference; lastKnownFileType = sourcecode.swift; path = Number.swift; sourceTree = "<group>"; };
		3AA87ABF229E3D2300F0D993 /* Addition.swift */ = {isa = PBXFileReference; lastKnownFileType = sourcecode.swift; path = Addition.swift; sourceTree = "<group>"; };
		3AA87AC1229E42D500F0D993 /* Division.swift */ = {isa = PBXFileReference; lastKnownFileType = sourcecode.swift; path = Division.swift; sourceTree = "<group>"; };
		3AA87AC3229E437A00F0D993 /* Extensions.swift */ = {isa = PBXFileReference; lastKnownFileType = sourcecode.swift; path = Extensions.swift; sourceTree = "<group>"; };
		3AA87AC5229E497800F0D993 /* Operation.swift */ = {isa = PBXFileReference; lastKnownFileType = sourcecode.swift; path = Operation.swift; sourceTree = "<group>"; };
		3AA87AC7229E532D00F0D993 /* Calculator.swift */ = {isa = PBXFileReference; lastKnownFileType = sourcecode.swift; path = Calculator.swift; sourceTree = "<group>"; };
		3AA87AC9229E56BC00F0D993 /* State.swift */ = {isa = PBXFileReference; lastKnownFileType = sourcecode.swift; path = State.swift; sourceTree = "<group>"; };
		3AA87ACB229E59A700F0D993 /* OperationSymbol.swift */ = {isa = PBXFileReference; lastKnownFileType = sourcecode.swift; path = OperationSymbol.swift; sourceTree = "<group>"; };
		3AA87ACD229E5E1D00F0D993 /* Multiplication.swift */ = {isa = PBXFileReference; lastKnownFileType = sourcecode.swift; path = Multiplication.swift; sourceTree = "<group>"; };
		3AA87ACF229E5E3000F0D993 /* Subtraction.swift */ = {isa = PBXFileReference; lastKnownFileType = sourcecode.swift; path = Subtraction.swift; sourceTree = "<group>"; };
/* End PBXFileReference section */

/* Begin PBXFrameworksBuildPhase section */
		3AA87AA2229E395400F0D993 /* Frameworks */ = {
			isa = PBXFrameworksBuildPhase;
			buildActionMask = 2147483647;
			files = (
			);
			runOnlyForDeploymentPostprocessing = 0;
		};
/* End PBXFrameworksBuildPhase section */

/* Begin PBXGroup section */
		3AA87A9C229E395400F0D993 = {
			isa = PBXGroup;
			children = (
				3AA87AA7229E395400F0D993 /* Calculadora */,
				3AA87AA6229E395400F0D993 /* Products */,
			);
			sourceTree = "<group>";
		};
		3AA87AA6229E395400F0D993 /* Products */ = {
			isa = PBXGroup;
			children = (
				3AA87AA5229E395400F0D993 /* Calculadora.app */,
			);
			name = Products;
			sourceTree = "<group>";
		};
		3AA87AA7229E395400F0D993 /* Calculadora */ = {
			isa = PBXGroup;
			children = (
				3AA87ABC229E3BFD00F0D993 /* Model */,
				3AA87AA8229E395400F0D993 /* AppDelegate.swift */,
				3AA87AAA229E395400F0D993 /* ViewController.swift */,
				3AA87AAC229E395400F0D993 /* Main.storyboard */,
				3AA87AAF229E395700F0D993 /* Assets.xcassets */,
				3AA87AB1229E395700F0D993 /* LaunchScreen.storyboard */,
				3AA87AB4229E395700F0D993 /* Info.plist */,
				3AA87AC3229E437A00F0D993 /* Extensions.swift */,
			);
			path = Calculadora;
			sourceTree = "<group>";
		};
		3AA87ABC229E3BFD00F0D993 /* Model */ = {
			isa = PBXGroup;
			children = (
				3AA87ABA229E3BBE00F0D993 /* Expression.swift */,
				3AA87AC5229E497800F0D993 /* Operation.swift */,
				3AA87ABD229E3C1200F0D993 /* Number.swift */,
				3AA87ABF229E3D2300F0D993 /* Addition.swift */,
				3AA87AC1229E42D500F0D993 /* Division.swift */,
				3AA87AC9229E56BC00F0D993 /* State.swift */,
				3AA87AC7229E532D00F0D993 /* Calculator.swift */,
				3AA87ACB229E59A700F0D993 /* OperationSymbol.swift */,
				3AA87ACD229E5E1D00F0D993 /* Multiplication.swift */,
				3AA87ACF229E5E3000F0D993 /* Subtraction.swift */,
			);
			path = Model;
			sourceTree = "<group>";
		};
/* End PBXGroup section */

/* Begin PBXNativeTarget section */
		3AA87AA4229E395400F0D993 /* Calculadora */ = {
			isa = PBXNativeTarget;
			buildConfigurationList = 3AA87AB7229E395700F0D993 /* Build configuration list for PBXNativeTarget "Calculadora" */;
			buildPhases = (
				3AA87AA1229E395400F0D993 /* Sources */,
				3AA87AA2229E395400F0D993 /* Frameworks */,
				3AA87AA3229E395400F0D993 /* Resources */,
			);
			buildRules = (
			);
			dependencies = (
			);
			name = Calculadora;
			productName = Calculadora;
			productReference = 3AA87AA5229E395400F0D993 /* Calculadora.app */;
			productType = "com.apple.product-type.application";
		};
/* End PBXNativeTarget section */

/* Begin PBXProject section */
		3AA87A9D229E395400F0D993 /* Project object */ = {
			isa = PBXProject;
			attributes = {
				LastSwiftUpdateCheck = 1020;
				LastUpgradeCheck = 1020;
				ORGANIZATIONNAME = "CWI Software";
				TargetAttributes = {
					3AA87AA4229E395400F0D993 = {
						CreatedOnToolsVersion = 10.2.1;
					};
				};
			};
			buildConfigurationList = 3AA87AA0229E395400F0D993 /* Build configuration list for PBXProject "Calculadora" */;
			compatibilityVersion = "Xcode 9.3";
			developmentRegion = en;
			hasScannedForEncodings = 0;
			knownRegions = (
				en,
				Base,
			);
			mainGroup = 3AA87A9C229E395400F0D993;
			productRefGroup = 3AA87AA6229E395400F0D993 /* Products */;
			projectDirPath = "";
			projectRoot = "";
			targets = (
				3AA87AA4229E395400F0D993 /* Calculadora */,
			);
		};
/* End PBXProject section */

/* Begin PBXResourcesBuildPhase section */
		3AA87AA3229E395400F0D993 /* Resources */ = {
			isa = PBXResourcesBuildPhase;
			buildActionMask = 2147483647;
			files = (
				3AA87AB3229E395700F0D993 /* LaunchScreen.storyboard in Resources */,
				3AA87AB0229E395700F0D993 /* Assets.xcassets in Resources */,
				3AA87AAE229E395400F0D993 /* Main.storyboard in Resources */,
			);
			runOnlyForDeploymentPostprocessing = 0;
		};
/* End PBXResourcesBuildPhase section */

/* Begin PBXSourcesBuildPhase section */
		3AA87AA1229E395400F0D993 /* Sources */ = {
			isa = PBXSourcesBuildPhase;
			buildActionMask = 2147483647;
			files = (
				3AA87ACC229E59A700F0D993 /* OperationSymbol.swift in Sources */,
				3AA87AAB229E395400F0D993 /* ViewController.swift in Sources */,
				3AA87ABE229E3C1200F0D993 /* Number.swift in Sources */,
				3AA87AA9229E395400F0D993 /* AppDelegate.swift in Sources */,
				3AA87ACA229E56BC00F0D993 /* State.swift in Sources */,
				3AA87AC6229E497800F0D993 /* Operation.swift in Sources */,
				3AA87AD0229E5E3000F0D993 /* Subtraction.swift in Sources */,
				3AA87ABB229E3BBE00F0D993 /* Expression.swift in Sources */,
				3AA87AC8229E532D00F0D993 /* Calculator.swift in Sources */,
				3AA87AC0229E3D2300F0D993 /* Addition.swift in Sources */,
				3AA87ACE229E5E1D00F0D993 /* Multiplication.swift in Sources */,
				3AA87AC2229E42D500F0D993 /* Division.swift in Sources */,
				3AA87AC4229E437A00F0D993 /* Extensions.swift in Sources */,
			);
			runOnlyForDeploymentPostprocessing = 0;
		};
/* End PBXSourcesBuildPhase section */

/* Begin PBXVariantGroup section */
		3AA87AAC229E395400F0D993 /* Main.storyboard */ = {
			isa = PBXVariantGroup;
			children = (
				3AA87AAD229E395400F0D993 /* Base */,
			);
			name = Main.storyboard;
			sourceTree = "<group>";
		};
		3AA87AB1229E395700F0D993 /* LaunchScreen.storyboard */ = {
			isa = PBXVariantGroup;
			children = (
				3AA87AB2229E395700F0D993 /* Base */,
			);
			name = LaunchScreen.storyboard;
			sourceTree = "<group>";
		};
/* End PBXVariantGroup section */

/* Begin XCBuildConfiguration section */
		3AA87AB5229E395700F0D993 /* Debug */ = {
			isa = XCBuildConfiguration;
			buildSettings = {
				ALWAYS_SEARCH_USER_PATHS = NO;
				CLANG_ANALYZER_NONNULL = YES;
				CLANG_ANALYZER_NUMBER_OBJECT_CONVERSION = YES_AGGRESSIVE;
				CLANG_CXX_LANGUAGE_STANDARD = "gnu++14";
				CLANG_CXX_LIBRARY = "libc++";
				CLANG_ENABLE_MODULES = YES;
				CLANG_ENABLE_OBJC_ARC = YES;
				CLANG_ENABLE_OBJC_WEAK = YES;
				CLANG_WARN_BLOCK_CAPTURE_AUTORELEASING = YES;
				CLANG_WARN_BOOL_CONVERSION = YES;
				CLANG_WARN_COMMA = YES;
				CLANG_WARN_CONSTANT_CONVERSION = YES;
				CLANG_WARN_DEPRECATED_OBJC_IMPLEMENTATIONS = YES;
				CLANG_WARN_DIRECT_OBJC_ISA_USAGE = YES_ERROR;
				CLANG_WARN_DOCUMENTATION_COMMENTS = YES;
				CLANG_WARN_EMPTY_BODY = YES;
				CLANG_WARN_ENUM_CONVERSION = YES;
				CLANG_WARN_INFINITE_RECURSION = YES;
				CLANG_WARN_INT_CONVERSION = YES;
				CLANG_WARN_NON_LITERAL_NULL_CONVERSION = YES;
				CLANG_WARN_OBJC_IMPLICIT_RETAIN_SELF = YES;
				CLANG_WARN_OBJC_LITERAL_CONVERSION = YES;
				CLANG_WARN_OBJC_ROOT_CLASS = YES_ERROR;
				CLANG_WARN_RANGE_LOOP_ANALYSIS = YES;
				CLANG_WARN_STRICT_PROTOTYPES = YES;
				CLANG_WARN_SUSPICIOUS_MOVE = YES;
				CLANG_WARN_UNGUARDED_AVAILABILITY = YES_AGGRESSIVE;
				CLANG_WARN_UNREACHABLE_CODE = YES;
				CLANG_WARN__DUPLICATE_METHOD_MATCH = YES;
				CODE_SIGN_IDENTITY = "iPhone Developer";
				COPY_PHASE_STRIP = NO;
				DEBUG_INFORMATION_FORMAT = dwarf;
				ENABLE_STRICT_OBJC_MSGSEND = YES;
				ENABLE_TESTABILITY = YES;
				GCC_C_LANGUAGE_STANDARD = gnu11;
				GCC_DYNAMIC_NO_PIC = NO;
				GCC_NO_COMMON_BLOCKS = YES;
				GCC_OPTIMIZATION_LEVEL = 0;
				GCC_PREPROCESSOR_DEFINITIONS = (
					"DEBUG=1",
					"$(inherited)",
				);
				GCC_WARN_64_TO_32_BIT_CONVERSION = YES;
				GCC_WARN_ABOUT_RETURN_TYPE = YES_ERROR;
				GCC_WARN_UNDECLARED_SELECTOR = YES;
				GCC_WARN_UNINITIALIZED_AUTOS = YES_AGGRESSIVE;
				GCC_WARN_UNUSED_FUNCTION = YES;
				GCC_WARN_UNUSED_VARIABLE = YES;
				IPHONEOS_DEPLOYMENT_TARGET = 12.2;
				MTL_ENABLE_DEBUG_INFO = INCLUDE_SOURCE;
				MTL_FAST_MATH = YES;
				ONLY_ACTIVE_ARCH = YES;
				SDKROOT = iphoneos;
				SWIFT_ACTIVE_COMPILATION_CONDITIONS = DEBUG;
				SWIFT_OPTIMIZATION_LEVEL = "-Onone";
			};
			name = Debug;
		};
		3AA87AB6229E395700F0D993 /* Release */ = {
			isa = XCBuildConfiguration;
			buildSettings = {
				ALWAYS_SEARCH_USER_PATHS = NO;
				CLANG_ANALYZER_NONNULL = YES;
				CLANG_ANALYZER_NUMBER_OBJECT_CONVERSION = YES_AGGRESSIVE;
				CLANG_CXX_LANGUAGE_STANDARD = "gnu++14";
				CLANG_CXX_LIBRARY = "libc++";
				CLANG_ENABLE_MODULES = YES;
				CLANG_ENABLE_OBJC_ARC = YES;
				CLANG_ENABLE_OBJC_WEAK = YES;
				CLANG_WARN_BLOCK_CAPTURE_AUTORELEASING = YES;
				CLANG_WARN_BOOL_CONVERSION = YES;
				CLANG_WARN_COMMA = YES;
				CLANG_WARN_CONSTANT_CONVERSION = YES;
				CLANG_WARN_DEPRECATED_OBJC_IMPLEMENTATIONS = YES;
				CLANG_WARN_DIRECT_OBJC_ISA_USAGE = YES_ERROR;
				CLANG_WARN_DOCUMENTATION_COMMENTS = YES;
				CLANG_WARN_EMPTY_BODY = YES;
				CLANG_WARN_ENUM_CONVERSION = YES;
				CLANG_WARN_INFINITE_RECURSION = YES;
				CLANG_WARN_INT_CONVERSION = YES;
				CLANG_WARN_NON_LITERAL_NULL_CONVERSION = YES;
				CLANG_WARN_OBJC_IMPLICIT_RETAIN_SELF = YES;
				CLANG_WARN_OBJC_LITERAL_CONVERSION = YES;
				CLANG_WARN_OBJC_ROOT_CLASS = YES_ERROR;
				CLANG_WARN_RANGE_LOOP_ANALYSIS = YES;
				CLANG_WARN_STRICT_PROTOTYPES = YES;
				CLANG_WARN_SUSPICIOUS_MOVE = YES;
				CLANG_WARN_UNGUARDED_AVAILABILITY = YES_AGGRESSIVE;
				CLANG_WARN_UNREACHABLE_CODE = YES;
				CLANG_WARN__DUPLICATE_METHOD_MATCH = YES;
				CODE_SIGN_IDENTITY = "iPhone Developer";
				COPY_PHASE_STRIP = NO;
				DEBUG_INFORMATION_FORMAT = "dwarf-with-dsym";
				ENABLE_NS_ASSERTIONS = NO;
				ENABLE_STRICT_OBJC_MSGSEND = YES;
				GCC_C_LANGUAGE_STANDARD = gnu11;
				GCC_NO_COMMON_BLOCKS = YES;
				GCC_WARN_64_TO_32_BIT_CONVERSION = YES;
				GCC_WARN_ABOUT_RETURN_TYPE = YES_ERROR;
				GCC_WARN_UNDECLARED_SELECTOR = YES;
				GCC_WARN_UNINITIALIZED_AUTOS = YES_AGGRESSIVE;
				GCC_WARN_UNUSED_FUNCTION = YES;
				GCC_WARN_UNUSED_VARIABLE = YES;
				IPHONEOS_DEPLOYMENT_TARGET = 12.2;
				MTL_ENABLE_DEBUG_INFO = NO;
				MTL_FAST_MATH = YES;
				SDKROOT = iphoneos;
				SWIFT_COMPILATION_MODE = wholemodule;
				SWIFT_OPTIMIZATION_LEVEL = "-O";
				VALIDATE_PRODUCT = YES;
			};
			name = Release;
		};
		3AA87AB8229E395700F0D993 /* Debug */ = {
			isa = XCBuildConfiguration;
			buildSettings = {
				ASSETCATALOG_COMPILER_APPICON_NAME = AppIcon;
				CODE_SIGN_STYLE = Automatic;
				DEVELOPMENT_TEAM = MPWS72ZMHR;
				INFOPLIST_FILE = Calculadora/Info.plist;
				LD_RUNPATH_SEARCH_PATHS = (
					"$(inherited)",
					"@executable_path/Frameworks",
				);
				PRODUCT_BUNDLE_IDENTIFIER = br.com.cwi.zanatta.Calculadora;
				PRODUCT_NAME = "$(TARGET_NAME)";
				SWIFT_VERSION = 5.0;
				TARGETED_DEVICE_FAMILY = "1,2";
			};
			name = Debug;
		};
		3AA87AB9229E395700F0D993 /* Release */ = {
			isa = XCBuildConfiguration;
			buildSettings = {
				ASSETCATALOG_COMPILER_APPICON_NAME = AppIcon;
				CODE_SIGN_STYLE = Automatic;
				DEVELOPMENT_TEAM = MPWS72ZMHR;
				INFOPLIST_FILE = Calculadora/Info.plist;
				LD_RUNPATH_SEARCH_PATHS = (
					"$(inherited)",
					"@executable_path/Frameworks",
				);
				PRODUCT_BUNDLE_IDENTIFIER = br.com.cwi.zanatta.Calculadora;
				PRODUCT_NAME = "$(TARGET_NAME)";
				SWIFT_VERSION = 5.0;
				TARGETED_DEVICE_FAMILY = "1,2";
			};
			name = Release;
		};
/* End XCBuildConfiguration section */

/* Begin XCConfigurationList section */
		3AA87AA0229E395400F0D993 /* Build configuration list for PBXProject "Calculadora" */ = {
			isa = XCConfigurationList;
			buildConfigurations = (
				3AA87AB5229E395700F0D993 /* Debug */,
				3AA87AB6229E395700F0D993 /* Release */,
			);
			defaultConfigurationIsVisible = 0;
			defaultConfigurationName = Release;
		};
		3AA87AB7229E395700F0D993 /* Build configuration list for PBXNativeTarget "Calculadora" */ = {
			isa = XCConfigurationList;
			buildConfigurations = (
				3AA87AB8229E395700F0D993 /* Debug */,
				3AA87AB9229E395700F0D993 /* Release */,
			);
			defaultConfigurationIsVisible = 0;
			defaultConfigurationName = Release;
		};
/* End XCConfigurationList section */
	};
	rootObject = 3AA87A9D229E395400F0D993 /* Project object */;
}
